
Microsoft Visual Studio Solution File, Format Version 12.00
# Visual Studio Version 17
VisualStudioVersion = 17.0.32014.148
MinimumVisualStudioVersion = 10.0.40219.1
Project("{9A19103F-16F7-4668-BE54-9A1E7A4F7556}") = "iensync.net", "iensync\\iensync.net.csproj", "{2B4ABD99-CCFC-4255-A84F-C4CE0B8757BB}"
EndProject
Global
	GlobalSection(SolutionConfigurationPlatforms) = preSolution
		Debug|Any CPU = Debug|Any CPU
		Release|Any CPU = Release|Any CPU
	EndGlobalSection
	GlobalSection(ProjectConfigurationPlatforms) = postSolution
		{2B4ABD99-CCFC-4255-A84F-C4CE0B8757BB}.Debug|Any CPU.ActiveCfg = Debug|Any CPU
		{2B4ABD99-CCFC-4255-A84F-C4CE0B8757BB}.Debug|Any CPU.Build.0 = Debug|Any CPU
		{2B4ABD99-CCFC-4255-A84F-C4CE0B8757BB}.Release|Any CPU.ActiveCfg = Release|Any CPU
		{2B4ABD99-CCFC-4255-A84F-C4CE0B8757BB}.Release|Any CPU.Build.0 = Release|Any CPU
	EndGlobalSection
	GlobalSection(SolutionProperties) = preSolution
		HideSolutionNode = FALSE
	EndGlobalSection
	GlobalSection(ExtensibilityGlobals) = postSolution
		SolutionGuid = {33F3D30D-F192-4AC1-ABCD-8ADA6E519266}
	EndGlobalSection
EndGlobal
